// !$*UTF8*$!
{
	archiveVersion = 1;
	classes = {
	};
	objectVersion = 50;
	objects = {

/* Begin PBXBuildFile section */
		A852E52426CD85C0002BBCEC /* AppDelegate.swift in Sources */ = {isa = PBXBuildFile; fileRef = A852E52326CD85C0002BBCEC /* AppDelegate.swift */; };
		A852E52626CD85C0002BBCEC /* SceneDelegate.swift in Sources */ = {isa = PBXBuildFile; fileRef = A852E52526CD85C0002BBCEC /* SceneDelegate.swift */; };
		A852E52826CD85C0002BBCEC /* ViewController.swift in Sources */ = {isa = PBXBuildFile; fileRef = A852E52726CD85C0002BBCEC /* ViewController.swift */; };
		A852E52B26CD85C0002BBCEC /* Main.storyboard in Resources */ = {isa = PBXBuildFile; fileRef = A852E52926CD85C0002BBCEC /* Main.storyboard */; };
		A852E52D26CD85C2002BBCEC /* Assets.xcassets in Resources */ = {isa = PBXBuildFile; fileRef = A852E52C26CD85C2002BBCEC /* Assets.xcassets */; };
		A852E53026CD85C2002BBCEC /* LaunchScreen.storyboard in Resources */ = {isa = PBXBuildFile; fileRef = A852E52E26CD85C2002BBCEC /* LaunchScreen.storyboard */; };
/* End PBXBuildFile section */

/* Begin PBXFileReference section */
		A852E52026CD85C0002BBCEC /* snapshot-masked-corners.app */ = {isa = PBXFileReference; explicitFileType = wrapper.application; includeInIndex = 0; path = "snapshot-masked-corners.app"; sourceTree = BUILT_PRODUCTS_DIR; };
		A852E52326CD85C0002BBCEC /* AppDelegate.swift */ = {isa = PBXFileReference; lastKnownFileType = sourcecode.swift; path = AppDelegate.swift; sourceTree = "<group>"; };
		A852E52526CD85C0002BBCEC /* SceneDelegate.swift */ = {isa = PBXFileReference; lastKnownFileType = sourcecode.swift; path = SceneDelegate.swift; sourceTree = "<group>"; };
		A852E52726CD85C0002BBCEC /* ViewController.swift */ = {isa = PBXFileReference; lastKnownFileType = sourcecode.swift; path = ViewController.swift; sourceTree = "<group>"; };
		A852E52A26CD85C0002BBCEC /* Base */ = {isa = PBXFileReference; lastKnownFileType = file.storyboard; name = Base; path = Base.lproj/Main.storyboard; sourceTree = "<group>"; };
		A852E52C26CD85C2002BBCEC /* Assets.xcassets */ = {isa = PBXFileReference; lastKnownFileType = folder.assetcatalog; path = Assets.xcassets; sourceTree = "<group>"; };
		A852E52F26CD85C2002BBCEC /* Base */ = {isa = PBXFileReference; lastKnownFileType = file.storyboard; name = Base; path = Base.lproj/LaunchScreen.storyboard; sourceTree = "<group>"; };
		A852E53126CD85C2002BBCEC /* Info.plist */ = {isa = PBXFileReference; lastKnownFileType = text.plist.xml; path = Info.plist; sourceTree = "<group>"; };
/* End PBXFileReference section */

/* Begin PBXFrameworksBuildPhase section */
		A852E51D26CD85C0002BBCEC /* Frameworks */ = {
			isa = PBXFrameworksBuildPhase;
			buildActionMask = 2147483647;
			files = (
			);
			runOnlyForDeploymentPostprocessing = 0;
		};
/* End PBXFrameworksBuildPhase section */

/* Begin PBXGroup section */
		A852E51726CD85C0002BBCEC = {
			isa = PBXGroup;
			children = (
				A852E52226CD85C0002BBCEC /* snapshot-masked-corners */,
				A852E52126CD85C0002BBCEC /* Products */,
			);
			sourceTree = "<group>";
		};
		A852E52126CD85C0002BBCEC /* Products */ = {
			isa = PBXGroup;
			children = (
				A852E52026CD85C0002BBCEC /* snapshot-masked-corners.app */,
			);
			name = Products;
			sourceTree = "<group>";
		};
		A852E52226CD85C0002BBCEC /* snapshot-masked-corners */ = {
			isa = PBXGroup;
			children = (
				A852E52326CD85C0002BBCEC /* AppDelegate.swift */,
				A852E52526CD85C0002BBCEC /* SceneDelegate.swift */,
				A852E52726CD85C0002BBCEC /* ViewController.swift */,
				A852E52926CD85C0002BBCEC /* Main.storyboard */,
				A852E52C26CD85C2002BBCEC /* Assets.xcassets */,
				A852E52E26CD85C2002BBCEC /* LaunchScreen.storyboard */,
				A852E53126CD85C2002BBCEC /* Info.plist */,
			);
			path = "snapshot-masked-corners";
			sourceTree = "<group>";
		};
/* End PBXGroup section */

/* Begin PBXNativeTarget section */
		A852E51F26CD85C0002BBCEC /* snapshot-masked-corners */ = {
			isa = PBXNativeTarget;
			buildConfigurationList = A852E53426CD85C2002BBCEC /* Build configuration list for PBXNativeTarget "snapshot-masked-corners" */;
			buildPhases = (
				A852E51C26CD85C0002BBCEC /* Sources */,
				A852E51D26CD85C0002BBCEC /* Frameworks */,
				A852E51E26CD85C0002BBCEC /* Resources */,
			);
			buildRules = (
			);
			dependencies = (
			);
			name = "snapshot-masked-corners";
			productName = "snapshot-masked-corners";
			productReference = A852E52026CD85C0002BBCEC /* snapshot-masked-corners.app */;
			productType = "com.apple.product-type.application";
		};
/* End PBXNativeTarget section */

/* Begin PBXProject section */
		A852E51826CD85C0002BBCEC /* Project object */ = {
			isa = PBXProject;
			attributes = {
				LastSwiftUpdateCheck = 1250;
				LastUpgradeCheck = 1250;
				TargetAttributes = {
					A852E51F26CD85C0002BBCEC = {
						CreatedOnToolsVersion = 12.5.1;
					};
				};
			};
			buildConfigurationList = A852E51B26CD85C0002BBCEC /* Build configuration list for PBXProject "snapshot-masked-corners" */;
			compatibilityVersion = "Xcode 9.3";
			developmentRegion = en;
			hasScannedForEncodings = 0;
			knownRegions = (
				en,
				Base,
			);
			mainGroup = A852E51726CD85C0002BBCEC;
			productRefGroup = A852E52126CD85C0002BBCEC /* Products */;
			projectDirPath = "";
			projectRoot = "";
			targets = (
				A852E51F26CD85C0002BBCEC /* snapshot-masked-corners */,
			);
		};
/* End PBXProject section */

/* Begin PBXResourcesBuildPhase section */
		A852E51E26CD85C0002BBCEC /* Resources */ = {
			isa = PBXResourcesBuildPhase;
			buildActionMask = 2147483647;
			files = (
				A852E53026CD85C2002BBCEC /* LaunchScreen.storyboard in Resources */,
				A852E52D26CD85C2002BBCEC /* Assets.xcassets in Resources */,
				A852E52B26CD85C0002BBCEC /* Main.storyboard in Resources */,
			);
			runOnlyForDeploymentPostprocessing = 0;
		};
/* End PBXResourcesBuildPhase section */

/* Begin PBXSourcesBuildPhase section */
		A852E51C26CD85C0002BBCEC /* Sources */ = {
			isa = PBXSourcesBuildPhase;
			buildActionMask = 2147483647;
			files = (
				A852E52826CD85C0002BBCEC /* ViewController.swift in Sources */,
				A852E52426CD85C0002BBCEC /* AppDelegate.swift in Sources */,
				A852E52626CD85C0002BBCEC /* SceneDelegate.swift in Sources */,
			);
			runOnlyForDeploymentPostprocessing = 0;
		};
/* End PBXSourcesBuildPhase section */

/* Begin PBXVariantGroup section */
		A852E52926CD85C0002BBCEC /* Main.storyboard */ = {
			isa = PBXVariantGroup;
			children = (
				A852E52A26CD85C0002BBCEC /* Base */,
			);
			name = Main.storyboard;
			sourceTree = "<group>";
		};
		A852E52E26CD85C2002BBCEC /* LaunchScreen.storyboard */ = {
			isa = PBXVariantGroup;
			children = (
				A852E52F26CD85C2002BBCEC /* Base */,
			);
			name = LaunchScreen.storyboard;
			sourceTree = "<group>";
		};
/* End PBXVariantGroup section */

/* Begin XCBuildConfiguration section */
		A852E53226CD85C2002BBCEC /* Debug */ = {
			isa = XCBuildConfiguration;
			buildSettings = {
				ALWAYS_SEARCH_USER_PATHS = NO;
				CLANG_ANALYZER_NONNULL = YES;
				CLANG_ANALYZER_NUMBER_OBJECT_CONVERSION = YES_AGGRESSIVE;
				CLANG_CXX_LANGUAGE_STANDARD = "gnu++14";
				CLANG_CXX_LIBRARY = "libc++";
				CLANG_ENABLE_MODULES = YES;
				CLANG_ENABLE_OBJC_ARC = YES;
				CLANG_ENABLE_OBJC_WEAK = YES;
				CLANG_WARN_BLOCK_CAPTURE_AUTORELEASING = YES;
				CLANG_WARN_BOOL_CONVERSION = YES;
				CLANG_WARN_COMMA = YES;
				CLANG_WARN_CONSTANT_CONVERSION = YES;
				CLANG_WARN_DEPRECATED_OBJC_IMPLEMENTATIONS = YES;
				CLANG_WARN_DIRECT_OBJC_ISA_USAGE = YES_ERROR;
				CLANG_WARN_DOCUMENTATION_COMMENTS = YES;
				CLANG_WARN_EMPTY_BODY = YES;
				CLANG_WARN_ENUM_CONVERSION = YES;
				CLANG_WARN_INFINITE_RECURSION = YES;
				CLANG_WARN_INT_CONVERSION = YES;
				CLANG_WARN_NON_LITERAL_NULL_CONVERSION = YES;
				CLANG_WARN_OBJC_IMPLICIT_RETAIN_SELF = YES;
				CLANG_WARN_OBJC_LITERAL_CONVERSION = YES;
				CLANG_WARN_OBJC_ROOT_CLASS = YES_ERROR;
				CLANG_WARN_QUOTED_INCLUDE_IN_FRAMEWORK_HEADER = YES;
				CLANG_WARN_RANGE_LOOP_ANALYSIS = YES;
				CLANG_WARN_STRICT_PROTOTYPES = YES;
				CLANG_WARN_SUSPICIOUS_MOVE = YES;
				CLANG_WARN_UNGUARDED_AVAILABILITY = YES_AGGRESSIVE;
				CLANG_WARN_UNREACHABLE_CODE = YES;
				CLANG_WARN__DUPLICATE_METHOD_MATCH = YES;
				COPY_PHASE_STRIP = NO;
				DEBUG_INFORMATION_FORMAT = dwarf;
				ENABLE_STRICT_OBJC_MSGSEND = YES;
				ENABLE_TESTABILITY = YES;
				GCC_C_LANGUAGE_STANDARD = gnu11;
				GCC_DYNAMIC_NO_PIC = NO;
				GCC_NO_COMMON_BLOCKS = YES;
				GCC_OPTIMIZATION_LEVEL = 0;
				GCC_PREPROCESSOR_DEFINITIONS = (
					"DEBUG=1",
					"$(inherited)",
				);
				GCC_WARN_64_TO_32_BIT_CONVERSION = YES;
				GCC_WARN_ABOUT_RETURN_TYPE = YES_ERROR;
				GCC_WARN_UNDECLARED_SELECTOR = YES;
				GCC_WARN_UNINITIALIZED_AUTOS = YES_AGGRESSIVE;
				GCC_WARN_UNUSED_FUNCTION = YES;
				GCC_WARN_UNUSED_VARIABLE = YES;
				IPHONEOS_DEPLOYMENT_TARGET = 14.5;
				MTL_ENABLE_DEBUG_INFO = INCLUDE_SOURCE;
				MTL_FAST_MATH = YES;
				ONLY_ACTIVE_ARCH = YES;
				SDKROOT = iphoneos;
				SWIFT_ACTIVE_COMPILATION_CONDITIONS = DEBUG;
				SWIFT_OPTIMIZATION_LEVEL = "-Onone";
			};
			name = Debug;
		};
		A852E53326CD85C2002BBCEC /* Release */ = {
			isa = XCBuildConfiguration;
			buildSettings = {
				ALWAYS_SEARCH_USER_PATHS = NO;
				CLANG_ANALYZER_NONNULL = YES;
				CLANG_ANALYZER_NUMBER_OBJECT_CONVERSION = YES_AGGRESSIVE;
				CLANG_CXX_LANGUAGE_STANDARD = "gnu++14";
				CLANG_CXX_LIBRARY = "libc++";
				CLANG_ENABLE_MODULES = YES;
				CLANG_ENABLE_OBJC_ARC = YES;
				CLANG_ENABLE_OBJC_WEAK = YES;
				CLANG_WARN_BLOCK_CAPTURE_AUTORELEASING = YES;
				CLANG_WARN_BOOL_CONVERSION = YES;
				CLANG_WARN_COMMA = YES;
				CLANG_WARN_CONSTANT_CONVERSION = YES;
				CLANG_WARN_DEPRECATED_OBJC_IMPLEMENTATIONS = YES;
				CLANG_WARN_DIRECT_OBJC_ISA_USAGE = YES_ERROR;
				CLANG_WARN_DOCUMENTATION_COMMENTS = YES;
				CLANG_WARN_EMPTY_BODY = YES;
				CLANG_WARN_ENUM_CONVERSION = YES;
				CLANG_WARN_INFINITE_RECURSION = YES;
				CLANG_WARN_INT_CONVERSION = YES;
				CLANG_WARN_NON_LITERAL_NULL_CONVERSION = YES;
				CLANG_WARN_OBJC_IMPLICIT_RETAIN_SELF = YES;
				CLANG_WARN_OBJC_LITERAL_CONVERSION = YES;
				CLANG_WARN_OBJC_ROOT_CLASS = YES_ERROR;
				CLANG_WARN_QUOTED_INCLUDE_IN_FRAMEWORK_HEADER = YES;
				CLANG_WARN_RANGE_LOOP_ANALYSIS = YES;
				CLANG_WARN_STRICT_PROTOTYPES = YES;
				CLANG_WARN_SUSPICIOUS_MOVE = YES;
				CLANG_WARN_UNGUARDED_AVAILABILITY = YES_AGGRESSIVE;
				CLANG_WARN_UNREACHABLE_CODE = YES;
				CLANG_WARN__DUPLICATE_METHOD_MATCH = YES;
				COPY_PHASE_STRIP = NO;
				DEBUG_INFORMATION_FORMAT = "dwarf-with-dsym";
				ENABLE_NS_ASSERTIONS = NO;
				ENABLE_STRICT_OBJC_MSGSEND = YES;
				GCC_C_LANGUAGE_STANDARD = gnu11;
				GCC_NO_COMMON_BLOCKS = YES;
				GCC_WARN_64_TO_32_BIT_CONVERSION = YES;
				GCC_WARN_ABOUT_RETURN_TYPE = YES_ERROR;
				GCC_WARN_UNDECLARED_SELECTOR = YES;
				GCC_WARN_UNINITIALIZED_AUTOS = YES_AGGRESSIVE;
				GCC_WARN_UNUSED_FUNCTION = YES;
				GCC_WARN_UNUSED_VARIABLE = YES;
				IPHONEOS_DEPLOYMENT_TARGET = 14.5;
				MTL_ENABLE_DEBUG_INFO = NO;
				MTL_FAST_MATH = YES;
				SDKROOT = iphoneos;
				SWIFT_COMPILATION_MODE = wholemodule;
				SWIFT_OPTIMIZATION_LEVEL = "-O";
				VALIDATE_PRODUCT = YES;
			};
			name = Release;
		};
		A852E53526CD85C2002BBCEC /* Debug */ = {
			isa = XCBuildConfiguration;
			buildSettings = {
				ASSETCATALOG_COMPILER_APPICON_NAME = AppIcon;
				ASSETCATALOG_COMPILER_GLOBAL_ACCENT_COLOR_NAME = AccentColor;
				CODE_SIGN_STYLE = Automatic;
				INFOPLIST_FILE = "snapshot-masked-corners/Info.plist";
				LD_RUNPATH_SEARCH_PATHS = (
					"$(inherited)",
					"@executable_path/Frameworks",
				);
				PRODUCT_BUNDLE_IDENTIFIER = "com.chefnobody.snapshot-masked-corners";
				PRODUCT_NAME = "$(TARGET_NAME)";
				SWIFT_VERSION = 5.0;
				TARGETED_DEVICE_FAMILY = "1,2";
			};
			name = Debug;
		};
		A852E53626CD85C2002BBCEC /* Release */ = {
			isa = XCBuildConfiguration;
			buildSettings = {
				ASSETCATALOG_COMPILER_APPICON_NAME = AppIcon;
				ASSETCATALOG_COMPILER_GLOBAL_ACCENT_COLOR_NAME = AccentColor;
				CODE_SIGN_STYLE = Automatic;
				INFOPLIST_FILE = "snapshot-masked-corners/Info.plist";
				LD_RUNPATH_SEARCH_PATHS = (
					"$(inherited)",
					"@executable_path/Frameworks",
				);
				PRODUCT_BUNDLE_IDENTIFIER = "com.chefnobody.snapshot-masked-corners";
				PRODUCT_NAME = "$(TARGET_NAME)";
				SWIFT_VERSION = 5.0;
				TARGETED_DEVICE_FAMILY = "1,2";
			};
			name = Release;
		};
/* End XCBuildConfiguration section */

/* Begin XCConfigurationList section */
		A852E51B26CD85C0002BBCEC /* Build configuration list for PBXProject "snapshot-masked-corners" */ = {
			isa = XCConfigurationList;
			buildConfigurations = (
				A852E53226CD85C2002BBCEC /* Debug */,
				A852E53326CD85C2002BBCEC /* Release */,
			);
			defaultConfigurationIsVisible = 0;
			defaultConfigurationName = Release;
		};
		A852E53426CD85C2002BBCEC /* Build configuration list for PBXNativeTarget "snapshot-masked-corners" */ = {
			isa = XCConfigurationList;
			buildConfigurations = (
				A852E53526CD85C2002BBCEC /* Debug */,
				A852E53626CD85C2002BBCEC /* Release */,
			);
			defaultConfigurationIsVisible = 0;
			defaultConfigurationName = Release;
		};
/* End XCConfigurationList section */
	};
	rootObject = A852E51826CD85C0002BBCEC /* Project object */;
}
